// !$*UTF8*$!
{
	archiveVersion = 1;
	classes = {
	};
	objectVersion = 56;
	objects = {

/* Begin PBXBuildFile section */
		B457B878295736EF000B6688 /* DailyReportApp.swift in Sources */ = {isa = PBXBuildFile; fileRef = B457B877295736EF000B6688 /* DailyReportApp.swift */; };
		B457B87A295736EF000B6688 /* ContentView.swift in Sources */ = {isa = PBXBuildFile; fileRef = B457B879295736EF000B6688 /* ContentView.swift */; };
		B457B87C295736F1000B6688 /* Assets.xcassets in Resources */ = {isa = PBXBuildFile; fileRef = B457B87B295736F1000B6688 /* Assets.xcassets */; };
		B457B880295736F1000B6688 /* Preview Assets.xcassets in Resources */ = {isa = PBXBuildFile; fileRef = B457B87F295736F1000B6688 /* Preview Assets.xcassets */; };
		B457B88829573782000B6688 /* MainViewe.swift in Sources */ = {isa = PBXBuildFile; fileRef = B457B88729573782000B6688 /* MainViewe.swift */; };
		B49DAEB929595C97001E598C /* ViewModel.swift in Sources */ = {isa = PBXBuildFile; fileRef = B49DAEB829595C97001E598C /* ViewModel.swift */; };
		B49DAEBC29595CBC001E598C /* mainModel.swift in Sources */ = {isa = PBXBuildFile; fileRef = B49DAEBB29595CBC001E598C /* mainModel.swift */; };
		B49DAEC02959608F001E598C /* DatePickerView.swift in Sources */ = {isa = PBXBuildFile; fileRef = B49DAEBF2959608F001E598C /* DatePickerView.swift */; };
		B49DAEC4295960EB001E598C /* TableView.swift in Sources */ = {isa = PBXBuildFile; fileRef = B49DAEC3295960EB001E598C /* TableView.swift */; };
/* End PBXBuildFile section */

/* Begin PBXFileReference section */
		B457B874295736EF000B6688 /* DailyReport.app */ = {isa = PBXFileReference; explicitFileType = wrapper.application; includeInIndex = 0; path = DailyReport.app; sourceTree = BUILT_PRODUCTS_DIR; };
		B457B877295736EF000B6688 /* DailyReportApp.swift */ = {isa = PBXFileReference; lastKnownFileType = sourcecode.swift; path = DailyReportApp.swift; sourceTree = "<group>"; };
		B457B879295736EF000B6688 /* ContentView.swift */ = {isa = PBXFileReference; lastKnownFileType = sourcecode.swift; path = ContentView.swift; sourceTree = "<group>"; };
		B457B87B295736F1000B6688 /* Assets.xcassets */ = {isa = PBXFileReference; lastKnownFileType = folder.assetcatalog; path = Assets.xcassets; sourceTree = "<group>"; };
		B457B87D295736F1000B6688 /* DailyReport.entitlements */ = {isa = PBXFileReference; lastKnownFileType = text.plist.entitlements; path = DailyReport.entitlements; sourceTree = "<group>"; };
		B457B87F295736F1000B6688 /* Preview Assets.xcassets */ = {isa = PBXFileReference; lastKnownFileType = folder.assetcatalog; path = "Preview Assets.xcassets"; sourceTree = "<group>"; };
		B457B88729573782000B6688 /* MainViewe.swift */ = {isa = PBXFileReference; lastKnownFileType = sourcecode.swift; path = MainViewe.swift; sourceTree = "<group>"; };
		B49DAEB829595C97001E598C /* ViewModel.swift */ = {isa = PBXFileReference; lastKnownFileType = sourcecode.swift; path = ViewModel.swift; sourceTree = "<group>"; };
		B49DAEBB29595CBC001E598C /* mainModel.swift */ = {isa = PBXFileReference; lastKnownFileType = sourcecode.swift; path = mainModel.swift; sourceTree = "<group>"; };
		B49DAEBF2959608F001E598C /* DatePickerView.swift */ = {isa = PBXFileReference; lastKnownFileType = sourcecode.swift; path = DatePickerView.swift; sourceTree = "<group>"; };
		B49DAEC3295960EB001E598C /* TableView.swift */ = {isa = PBXFileReference; lastKnownFileType = sourcecode.swift; path = TableView.swift; sourceTree = "<group>"; };
/* End PBXFileReference section */

/* Begin PBXFrameworksBuildPhase section */
		B457B871295736EF000B6688 /* Frameworks */ = {
			isa = PBXFrameworksBuildPhase;
			buildActionMask = 2147483647;
			files = (
			);
			runOnlyForDeploymentPostprocessing = 0;
		};
/* End PBXFrameworksBuildPhase section */

/* Begin PBXGroup section */
		B457B86B295736EF000B6688 = {
			isa = PBXGroup;
			children = (
				B457B876295736EF000B6688 /* DailyReport */,
				B457B875295736EF000B6688 /* Products */,
			);
			sourceTree = "<group>";
		};
		B457B875295736EF000B6688 /* Products */ = {
			isa = PBXGroup;
			children = (
				B457B874295736EF000B6688 /* DailyReport.app */,
			);
			name = Products;
			sourceTree = "<group>";
		};
		B457B876295736EF000B6688 /* DailyReport */ = {
			isa = PBXGroup;
			children = (
				B49DAEBA29595CB4001E598C /* Model */,
				B49DAEB729595C87001E598C /* ViewModel */,
				B457B88629573777000B6688 /* View */,
				B457B877295736EF000B6688 /* DailyReportApp.swift */,
				B457B879295736EF000B6688 /* ContentView.swift */,
				B457B87B295736F1000B6688 /* Assets.xcassets */,
				B457B87D295736F1000B6688 /* DailyReport.entitlements */,
				B457B87E295736F1000B6688 /* Preview Content */,
			);
			path = DailyReport;
			sourceTree = "<group>";
		};
		B457B87E295736F1000B6688 /* Preview Content */ = {
			isa = PBXGroup;
			children = (
				B457B87F295736F1000B6688 /* Preview Assets.xcassets */,
			);
			path = "Preview Content";
			sourceTree = "<group>";
		};
		B457B88629573777000B6688 /* View */ = {
			isa = PBXGroup;
			children = (
				B49DAEBF2959608F001E598C /* DatePickerView.swift */,
				B49DAEC3295960EB001E598C /* TableView.swift */,
				B457B88729573782000B6688 /* MainViewe.swift */,
			);
			path = View;
			sourceTree = "<group>";
		};
		B49DAEB729595C87001E598C /* ViewModel */ = {
			isa = PBXGroup;
			children = (
				B49DAEB829595C97001E598C /* ViewModel.swift */,
			);
			path = ViewModel;
			sourceTree = "<group>";
		};
		B49DAEBA29595CB4001E598C /* Model */ = {
			isa = PBXGroup;
			children = (
				B49DAEBB29595CBC001E598C /* mainModel.swift */,
			);
			path = Model;
			sourceTree = "<group>";
		};
/* End PBXGroup section */

/* Begin PBXNativeTarget section */
		B457B873295736EF000B6688 /* DailyReport */ = {
			isa = PBXNativeTarget;
			buildConfigurationList = B457B883295736F1000B6688 /* Build configuration list for PBXNativeTarget "DailyReport" */;
			buildPhases = (
				B457B870295736EF000B6688 /* Sources */,
				B457B871295736EF000B6688 /* Frameworks */,
				B457B872295736EF000B6688 /* Resources */,
			);
			buildRules = (
			);
			dependencies = (
			);
			name = DailyReport;
			productName = DailyReport;
			productReference = B457B874295736EF000B6688 /* DailyReport.app */;
			productType = "com.apple.product-type.application";
		};
/* End PBXNativeTarget section */

/* Begin PBXProject section */
		B457B86C295736EF000B6688 /* Project object */ = {
			isa = PBXProject;
			attributes = {
				BuildIndependentTargetsInParallel = 1;
				LastSwiftUpdateCheck = 1420;
				LastUpgradeCheck = 1420;
				TargetAttributes = {
					B457B873295736EF000B6688 = {
						CreatedOnToolsVersion = 14.2;
					};
				};
			};
			buildConfigurationList = B457B86F295736EF000B6688 /* Build configuration list for PBXProject "DailyReport" */;
			compatibilityVersion = "Xcode 14.0";
			developmentRegion = en;
			hasScannedForEncodings = 0;
			knownRegions = (
				en,
				Base,
			);
			mainGroup = B457B86B295736EF000B6688;
			productRefGroup = B457B875295736EF000B6688 /* Products */;
			projectDirPath = "";
			projectRoot = "";
			targets = (
				B457B873295736EF000B6688 /* DailyReport */,
			);
		};
/* End PBXProject section */

/* Begin PBXResourcesBuildPhase section */
		B457B872295736EF000B6688 /* Resources */ = {
			isa = PBXResourcesBuildPhase;
			buildActionMask = 2147483647;
			files = (
				B457B880295736F1000B6688 /* Preview Assets.xcassets in Resources */,
				B457B87C295736F1000B6688 /* Assets.xcassets in Resources */,
			);
			runOnlyForDeploymentPostprocessing = 0;
		};
/* End PBXResourcesBuildPhase section */

/* Begin PBXSourcesBuildPhase section */
		B457B870295736EF000B6688 /* Sources */ = {
			isa = PBXSourcesBuildPhase;
			buildActionMask = 2147483647;
			files = (
				B457B88829573782000B6688 /* MainViewe.swift in Sources */,
				B49DAEBC29595CBC001E598C /* mainModel.swift in Sources */,
				B49DAEB929595C97001E598C /* ViewModel.swift in Sources */,
				B457B87A295736EF000B6688 /* ContentView.swift in Sources */,
				B49DAEC02959608F001E598C /* DatePickerView.swift in Sources */,
				B49DAEC4295960EB001E598C /* TableView.swift in Sources */,
				B457B878295736EF000B6688 /* DailyReportApp.swift in Sources */,
			);
			runOnlyForDeploymentPostprocessing = 0;
		};
/* End PBXSourcesBuildPhase section */

/* Begin XCBuildConfiguration section */
		B457B881295736F1000B6688 /* Debug */ = {
			isa = XCBuildConfiguration;
			buildSettings = {
				ALWAYS_SEARCH_USER_PATHS = NO;
				CLANG_ANALYZER_NONNULL = YES;
				CLANG_ANALYZER_NUMBER_OBJECT_CONVERSION = YES_AGGRESSIVE;
				CLANG_CXX_LANGUAGE_STANDARD = "gnu++20";
				CLANG_ENABLE_MODULES = YES;
				CLANG_ENABLE_OBJC_ARC = YES;
				CLANG_ENABLE_OBJC_WEAK = YES;
				CLANG_WARN_BLOCK_CAPTURE_AUTORELEASING = YES;
				CLANG_WARN_BOOL_CONVERSION = YES;
				CLANG_WARN_COMMA = YES;
				CLANG_WARN_CONSTANT_CONVERSION = YES;
				CLANG_WARN_DEPRECATED_OBJC_IMPLEMENTATIONS = YES;
				CLANG_WARN_DIRECT_OBJC_ISA_USAGE = YES_ERROR;
				CLANG_WARN_DOCUMENTATION_COMMENTS = YES;
				CLANG_WARN_EMPTY_BODY = YES;
				CLANG_WARN_ENUM_CONVERSION = YES;
				CLANG_WARN_INFINITE_RECURSION = YES;
				CLANG_WARN_INT_CONVERSION = YES;
				CLANG_WARN_NON_LITERAL_NULL_CONVERSION = YES;
				CLANG_WARN_OBJC_IMPLICIT_RETAIN_SELF = YES;
				CLANG_WARN_OBJC_LITERAL_CONVERSION = YES;
				CLANG_WARN_OBJC_ROOT_CLASS = YES_ERROR;
				CLANG_WARN_QUOTED_INCLUDE_IN_FRAMEWORK_HEADER = YES;
				CLANG_WARN_RANGE_LOOP_ANALYSIS = YES;
				CLANG_WARN_STRICT_PROTOTYPES = YES;
				CLANG_WARN_SUSPICIOUS_MOVE = YES;
				CLANG_WARN_UNGUARDED_AVAILABILITY = YES_AGGRESSIVE;
				CLANG_WARN_UNREACHABLE_CODE = YES;
				CLANG_WARN__DUPLICATE_METHOD_MATCH = YES;
				COPY_PHASE_STRIP = NO;
				DEBUG_INFORMATION_FORMAT = dwarf;
				ENABLE_STRICT_OBJC_MSGSEND = YES;
				ENABLE_TESTABILITY = YES;
				GCC_C_LANGUAGE_STANDARD = gnu11;
				GCC_DYNAMIC_NO_PIC = NO;
				GCC_NO_COMMON_BLOCKS = YES;
				GCC_OPTIMIZATION_LEVEL = 0;
				GCC_PREPROCESSOR_DEFINITIONS = (
					"DEBUG=1",
					"$(inherited)",
				);
				GCC_WARN_64_TO_32_BIT_CONVERSION = YES;
				GCC_WARN_ABOUT_RETURN_TYPE = YES_ERROR;
				GCC_WARN_UNDECLARED_SELECTOR = YES;
				GCC_WARN_UNINITIALIZED_AUTOS = YES_AGGRESSIVE;
				GCC_WARN_UNUSED_FUNCTION = YES;
				GCC_WARN_UNUSED_VARIABLE = YES;
				MTL_ENABLE_DEBUG_INFO = INCLUDE_SOURCE;
				MTL_FAST_MATH = YES;
				ONLY_ACTIVE_ARCH = YES;
				SWIFT_ACTIVE_COMPILATION_CONDITIONS = DEBUG;
				SWIFT_OPTIMIZATION_LEVEL = "-Onone";
			};
			name = Debug;
		};
		B457B882295736F1000B6688 /* Release */ = {
			isa = XCBuildConfiguration;
			buildSettings = {
				ALWAYS_SEARCH_USER_PATHS = NO;
				CLANG_ANALYZER_NONNULL = YES;
				CLANG_ANALYZER_NUMBER_OBJECT_CONVERSION = YES_AGGRESSIVE;
				CLANG_CXX_LANGUAGE_STANDARD = "gnu++20";
				CLANG_ENABLE_MODULES = YES;
				CLANG_ENABLE_OBJC_ARC = YES;
				CLANG_ENABLE_OBJC_WEAK = YES;
				CLANG_WARN_BLOCK_CAPTURE_AUTORELEASING = YES;
				CLANG_WARN_BOOL_CONVERSION = YES;
				CLANG_WARN_COMMA = YES;
				CLANG_WARN_CONSTANT_CONVERSION = YES;
				CLANG_WARN_DEPRECATED_OBJC_IMPLEMENTATIONS = YES;
				CLANG_WARN_DIRECT_OBJC_ISA_USAGE = YES_ERROR;
				CLANG_WARN_DOCUMENTATION_COMMENTS = YES;
				CLANG_WARN_EMPTY_BODY = YES;
				CLANG_WARN_ENUM_CONVERSION = YES;
				CLANG_WARN_INFINITE_RECURSION = YES;
				CLANG_WARN_INT_CONVERSION = YES;
				CLANG_WARN_NON_LITERAL_NULL_CONVERSION = YES;
				CLANG_WARN_OBJC_IMPLICIT_RETAIN_SELF = YES;
				CLANG_WARN_OBJC_LITERAL_CONVERSION = YES;
				CLANG_WARN_OBJC_ROOT_CLASS = YES_ERROR;
				CLANG_WARN_QUOTED_INCLUDE_IN_FRAMEWORK_HEADER = YES;
				CLANG_WARN_RANGE_LOOP_ANALYSIS = YES;
				CLANG_WARN_STRICT_PROTOTYPES = YES;
				CLANG_WARN_SUSPICIOUS_MOVE = YES;
				CLANG_WARN_UNGUARDED_AVAILABILITY = YES_AGGRESSIVE;
				CLANG_WARN_UNREACHABLE_CODE = YES;
				CLANG_WARN__DUPLICATE_METHOD_MATCH = YES;
				COPY_PHASE_STRIP = NO;
				DEBUG_INFORMATION_FORMAT = "dwarf-with-dsym";
				ENABLE_NS_ASSERTIONS = NO;
				ENABLE_STRICT_OBJC_MSGSEND = YES;
				GCC_C_LANGUAGE_STANDARD = gnu11;
				GCC_NO_COMMON_BLOCKS = YES;
				GCC_WARN_64_TO_32_BIT_CONVERSION = YES;
				GCC_WARN_ABOUT_RETURN_TYPE = YES_ERROR;
				GCC_WARN_UNDECLARED_SELECTOR = YES;
				GCC_WARN_UNINITIALIZED_AUTOS = YES_AGGRESSIVE;
				GCC_WARN_UNUSED_FUNCTION = YES;
				GCC_WARN_UNUSED_VARIABLE = YES;
				MTL_ENABLE_DEBUG_INFO = NO;
				MTL_FAST_MATH = YES;
				SWIFT_COMPILATION_MODE = wholemodule;
				SWIFT_OPTIMIZATION_LEVEL = "-O";
			};
			name = Release;
		};
		B457B884295736F1000B6688 /* Debug */ = {
			isa = XCBuildConfiguration;
			buildSettings = {
				ASSETCATALOG_COMPILER_APPICON_NAME = AppIcon;
				ASSETCATALOG_COMPILER_GLOBAL_ACCENT_COLOR_NAME = AccentColor;
				CODE_SIGN_ENTITLEMENTS = DailyReport/DailyReport.entitlements;
				CODE_SIGN_STYLE = Automatic;
				CURRENT_PROJECT_VERSION = 1;
				DEVELOPMENT_ASSET_PATHS = "\"DailyReport/Preview Content\"";
				DEVELOPMENT_TEAM = JXXZU5QJFC;
				ENABLE_HARDENED_RUNTIME = YES;
				ENABLE_PREVIEWS = YES;
				GENERATE_INFOPLIST_FILE = YES;
				"INFOPLIST_KEY_UIApplicationSceneManifest_Generation[sdk=iphoneos*]" = YES;
				"INFOPLIST_KEY_UIApplicationSceneManifest_Generation[sdk=iphonesimulator*]" = YES;
				"INFOPLIST_KEY_UIApplicationSupportsIndirectInputEvents[sdk=iphoneos*]" = YES;
				"INFOPLIST_KEY_UIApplicationSupportsIndirectInputEvents[sdk=iphonesimulator*]" = YES;
				"INFOPLIST_KEY_UILaunchScreen_Generation[sdk=iphoneos*]" = YES;
				"INFOPLIST_KEY_UILaunchScreen_Generation[sdk=iphonesimulator*]" = YES;
				"INFOPLIST_KEY_UIStatusBarStyle[sdk=iphoneos*]" = UIStatusBarStyleDefault;
				"INFOPLIST_KEY_UIStatusBarStyle[sdk=iphonesimulator*]" = UIStatusBarStyleDefault;
				INFOPLIST_KEY_UISupportedInterfaceOrientations_iPad = "UIInterfaceOrientationPortrait UIInterfaceOrientationPortraitUpsideDown UIInterfaceOrientationLandscapeLeft UIInterfaceOrientationLandscapeRight";
				INFOPLIST_KEY_UISupportedInterfaceOrientations_iPhone = "UIInterfaceOrientationPortrait UIInterfaceOrientationLandscapeLeft UIInterfaceOrientationLandscapeRight";
				IPHONEOS_DEPLOYMENT_TARGET = 16.2;
				LD_RUNPATH_SEARCH_PATHS = "@executable_path/Frameworks";
				"LD_RUNPATH_SEARCH_PATHS[sdk=macosx*]" = "@executable_path/../Frameworks";
				MACOSX_DEPLOYMENT_TARGET = 13.0;
				MARKETING_VERSION = 1.0;
				PRODUCT_BUNDLE_IDENTIFIER = kxx.DailyReport;
				PRODUCT_NAME = "$(TARGET_NAME)";
				SDKROOT = auto;
				SUPPORTED_PLATFORMS = "iphoneos iphonesimulator macosx";
				SWIFT_EMIT_LOC_STRINGS = YES;
				SWIFT_VERSION = 5.0;
				TARGETED_DEVICE_FAMILY = "1,2";
			};
			name = Debug;
		};
		B457B885295736F1000B6688 /* Release */ = {
			isa = XCBuildConfiguration;
			buildSettings = {
				ASSETCATALOG_COMPILER_APPICON_NAME = AppIcon;
				ASSETCATALOG_COMPILER_GLOBAL_ACCENT_COLOR_NAME = AccentColor;
				CODE_SIGN_ENTITLEMENTS = DailyReport/DailyReport.entitlements;
				CODE_SIGN_STYLE = Automatic;
				CURRENT_PROJECT_VERSION = 1;
				DEVELOPMENT_ASSET_PATHS = "\"DailyReport/Preview Content\"";
				DEVELOPMENT_TEAM = JXXZU5QJFC;
				ENABLE_HARDENED_RUNTIME = YES;
				ENABLE_PREVIEWS = YES;
				GENERATE_INFOPLIST_FILE = YES;
				"INFOPLIST_KEY_UIApplicationSceneManifest_Generation[sdk=iphoneos*]" = YES;
				"INFOPLIST_KEY_UIApplicationSceneManifest_Generation[sdk=iphonesimulator*]" = YES;
				"INFOPLIST_KEY_UIApplicationSupportsIndirectInputEvents[sdk=iphoneos*]" = YES;
				"INFOPLIST_KEY_UIApplicationSupportsIndirectInputEvents[sdk=iphonesimulator*]" = YES;
				"INFOPLIST_KEY_UILaunchScreen_Generation[sdk=iphoneos*]" = YES;
				"INFOPLIST_KEY_UILaunchScreen_Generation[sdk=iphonesimulator*]" = YES;
				"INFOPLIST_KEY_UIStatusBarStyle[sdk=iphoneos*]" = UIStatusBarStyleDefault;
				"INFOPLIST_KEY_UIStatusBarStyle[sdk=iphonesimulator*]" = UIStatusBarStyleDefault;
				INFOPLIST_KEY_UISupportedInterfaceOrientations_iPad = "UIInterfaceOrientationPortrait UIInterfaceOrientationPortraitUpsideDown UIInterfaceOrientationLandscapeLeft UIInterfaceOrientationLandscapeRight";
				INFOPLIST_KEY_UISupportedInterfaceOrientations_iPhone = "UIInterfaceOrientationPortrait UIInterfaceOrientationLandscapeLeft UIInterfaceOrientationLandscapeRight";
				IPHONEOS_DEPLOYMENT_TARGET = 16.2;
				LD_RUNPATH_SEARCH_PATHS = "@executable_path/Frameworks";
				"LD_RUNPATH_SEARCH_PATHS[sdk=macosx*]" = "@executable_path/../Frameworks";
				MACOSX_DEPLOYMENT_TARGET = 13.0;
				MARKETING_VERSION = 1.0;
				PRODUCT_BUNDLE_IDENTIFIER = kxx.DailyReport;
				PRODUCT_NAME = "$(TARGET_NAME)";
				SDKROOT = auto;
				SUPPORTED_PLATFORMS = "iphoneos iphonesimulator macosx";
				SWIFT_EMIT_LOC_STRINGS = YES;
				SWIFT_VERSION = 5.0;
				TARGETED_DEVICE_FAMILY = "1,2";
			};
			name = Release;
		};
/* End XCBuildConfiguration section */

/* Begin XCConfigurationList section */
		B457B86F295736EF000B6688 /* Build configuration list for PBXProject "DailyReport" */ = {
			isa = XCConfigurationList;
			buildConfigurations = (
				B457B881295736F1000B6688 /* Debug */,
				B457B882295736F1000B6688 /* Release */,
			);
			defaultConfigurationIsVisible = 0;
			defaultConfigurationName = Release;
		};
		B457B883295736F1000B6688 /* Build configuration list for PBXNativeTarget "DailyReport" */ = {
			isa = XCConfigurationList;
			buildConfigurations = (
				B457B884295736F1000B6688 /* Debug */,
				B457B885295736F1000B6688 /* Release */,
			);
			defaultConfigurationIsVisible = 0;
			defaultConfigurationName = Release;
		};
/* End XCConfigurationList section */
	};
	rootObject = B457B86C295736EF000B6688 /* Project object */;
}
